
Microsoft Visual Studio Solution File, Format Version 12.00
# Visual Studio Version 17
VisualStudioVersion = 17.4.33213.308
MinimumVisualStudioVersion = 10.0.40219.1
Project("{FAE04EC0-301F-11D3-BF4B-00C04F79EFBC}") = "MauiVoiceParrotingApp", "MauiVoiceParrotingApp\MauiVoiceParrotingApp.csproj", "{F68AB987-9A84-4D75-AB36-E79E4BC84555}"
EndProject
Global
	GlobalSection(SolutionConfigurationPlatforms) = preSolution
		Debug|Any CPU = Debug|Any CPU
		Release|Any CPU = Release|Any CPU
	EndGlobalSection
	GlobalSection(ProjectConfigurationPlatforms) = postSolution
		{F68AB987-9A84-4D75-AB36-E79E4BC84555}.Debug|Any CPU.ActiveCfg = Debug|Any CPU
		{F68AB987-9A84-4D75-AB36-E79E4BC84555}.Debug|Any CPU.Build.0 = Debug|Any CPU
		{F68AB987-9A84-4D75-AB36-E79E4BC84555}.Debug|Any CPU.Deploy.0 = Debug|Any CPU
		{F68AB987-9A84-4D75-AB36-E79E4BC84555}.Release|Any CPU.ActiveCfg = Release|Any CPU
		{F68AB987-9A84-4D75-AB36-E79E4BC84555}.Release|Any CPU.Build.0 = Release|Any CPU
		{F68AB987-9A84-4D75-AB36-E79E4BC84555}.Release|Any CPU.Deploy.0 = Release|Any CPU
	EndGlobalSection
	GlobalSection(SolutionProperties) = preSolution
		HideSolutionNode = FALSE
	EndGlobalSection
	GlobalSection(ExtensibilityGlobals) = postSolution
		SolutionGuid = {62E03EAD-93E5-467B-B511-811074EF28B5}
	EndGlobalSection
EndGlobal
